
Microsoft Visual Studio Solution File, Format Version 12.00
# Visual Studio Version 16
VisualStudioVersion = 16.0.31515.178
MinimumVisualStudioVersion = 10.0.40219.1
Project("{FAE04EC0-301F-11D3-BF4B-00C04F79EFBC}") = "CoachingTest", "CoachingTest.csproj", "{457371E9-4E37-449E-ADA4-B069B9B4BA18}"
EndProject
Global
	GlobalSection(SolutionConfigurationPlatforms) = preSolution
		Debug|Any CPU = Debug|Any CPU
		Release|Any CPU = Release|Any CPU
	EndGlobalSection
	GlobalSection(ProjectConfigurationPlatforms) = postSolution
		{457371E9-4E37-449E-ADA4-B069B9B4BA18}.Debug|Any CPU.ActiveCfg = Debug|Any CPU
		{457371E9-4E37-449E-ADA4-B069B9B4BA18}.Debug|Any CPU.Build.0 = Debug|Any CPU
		{457371E9-4E37-449E-ADA4-B069B9B4BA18}.Release|Any CPU.ActiveCfg = Release|Any CPU
		{457371E9-4E37-449E-ADA4-B069B9B4BA18}.Release|Any CPU.Build.0 = Release|Any CPU
	EndGlobalSection
	GlobalSection(SolutionProperties) = preSolution
		HideSolutionNode = FALSE
	EndGlobalSection
	GlobalSection(ExtensibilityGlobals) = postSolution
		SolutionGuid = {6AD97D0F-AABD-40B3-9B76-11438DB5BD87}
	EndGlobalSection
EndGlobal
